
Microsoft Visual Studio Solution File, Format Version 12.00
# Visual Studio Version 17
VisualStudioVersion = 17.12.35506.116
MinimumVisualStudioVersion = 10.0.40219.1
Project("{9A19103F-16F7-4668-BE54-9A1E7A4F7556}") = "MovieMicroservice", "MovieMicroservice\MovieMicroservice.csproj", "{FD49DC8E-8B79-492C-962F-F2367131E6FB}"
EndProject
Project("{9A19103F-16F7-4668-BE54-9A1E7A4F7556}") = "RentalMicroservice", "RentalMicroservice\RentalMicroservice.csproj", "{1C0EB67D-A496-4F6E-A713-33C4C6F77AAE}"
EndProject
Project("{9A19103F-16F7-4668-BE54-9A1E7A4F7556}") = "IdentityMicroservice", "IdentityMicroservice\IdentityMicroservice.csproj", "{588103B6-5BAF-41B3-A884-A0B88FF340A6}"
EndProject
Project("{FAE04EC0-301F-11D3-BF4B-00C04F79EFBC}") = "NitFlex.AppHost", "NitFlex.AppHost\NitFlex.AppHost.csproj", "{CD1FB41D-2F1D-4C83-B85E-34013AD60F91}"
EndProject
Project("{9A19103F-16F7-4668-BE54-9A1E7A4F7556}") = "NitFlex.ServiceDefaults", "NitFlex.ServiceDefaults\NitFlex.ServiceDefaults.csproj", "{E7264B91-B147-415F-8718-CE33052CB3C2}"
EndProject
Global
	GlobalSection(SolutionConfigurationPlatforms) = preSolution
		Debug|Any CPU = Debug|Any CPU
		Release|Any CPU = Release|Any CPU
	EndGlobalSection
	GlobalSection(ProjectConfigurationPlatforms) = postSolution
		{FD49DC8E-8B79-492C-962F-F2367131E6FB}.Debug|Any CPU.ActiveCfg = Debug|Any CPU
		{FD49DC8E-8B79-492C-962F-F2367131E6FB}.Debug|Any CPU.Build.0 = Debug|Any CPU
		{FD49DC8E-8B79-492C-962F-F2367131E6FB}.Release|Any CPU.ActiveCfg = Release|Any CPU
		{FD49DC8E-8B79-492C-962F-F2367131E6FB}.Release|Any CPU.Build.0 = Release|Any CPU
		{1C0EB67D-A496-4F6E-A713-33C4C6F77AAE}.Debug|Any CPU.ActiveCfg = Debug|Any CPU
		{1C0EB67D-A496-4F6E-A713-33C4C6F77AAE}.Debug|Any CPU.Build.0 = Debug|Any CPU
		{1C0EB67D-A496-4F6E-A713-33C4C6F77AAE}.Release|Any CPU.ActiveCfg = Release|Any CPU
		{1C0EB67D-A496-4F6E-A713-33C4C6F77AAE}.Release|Any CPU.Build.0 = Release|Any CPU
		{588103B6-5BAF-41B3-A884-A0B88FF340A6}.Debug|Any CPU.ActiveCfg = Debug|Any CPU
		{588103B6-5BAF-41B3-A884-A0B88FF340A6}.Debug|Any CPU.Build.0 = Debug|Any CPU
		{588103B6-5BAF-41B3-A884-A0B88FF340A6}.Release|Any CPU.ActiveCfg = Release|Any CPU
		{588103B6-5BAF-41B3-A884-A0B88FF340A6}.Release|Any CPU.Build.0 = Release|Any CPU
		{CD1FB41D-2F1D-4C83-B85E-34013AD60F91}.Debug|Any CPU.ActiveCfg = Debug|Any CPU
		{CD1FB41D-2F1D-4C83-B85E-34013AD60F91}.Debug|Any CPU.Build.0 = Debug|Any CPU
		{CD1FB41D-2F1D-4C83-B85E-34013AD60F91}.Release|Any CPU.ActiveCfg = Release|Any CPU
		{CD1FB41D-2F1D-4C83-B85E-34013AD60F91}.Release|Any CPU.Build.0 = Release|Any CPU
		{E7264B91-B147-415F-8718-CE33052CB3C2}.Debug|Any CPU.ActiveCfg = Debug|Any CPU
		{E7264B91-B147-415F-8718-CE33052CB3C2}.Debug|Any CPU.Build.0 = Debug|Any CPU
		{E7264B91-B147-415F-8718-CE33052CB3C2}.Release|Any CPU.ActiveCfg = Release|Any CPU
		{E7264B91-B147-415F-8718-CE33052CB3C2}.Release|Any CPU.Build.0 = Release|Any CPU
	EndGlobalSection
	GlobalSection(SolutionProperties) = preSolution
		HideSolutionNode = FALSE
	EndGlobalSection
EndGlobal
